{
  "name": "ts",
  "version": "1.0.0",
  "lockfileVersion": 1,
  "requires": true,
  "dependencies": {
    "@types/flatbuffers": {
      "version": "1.9.1",
      "resolved": "https://registry.npmjs.org/@types/flatbuffers/-/flatbuffers-1.9.1.tgz",
      "integrity": "sha512-TC3X0Nkj5wgvuY217VkodBtjbD3Yr0JNApDY1GW9IU5Mzm5ie1IJErqe4vRm+wy08IRz3bemaDATrdEw1CJlVQ=="
    },
    "@types/node": {
      "version": "11.9.4",
      "resolved": "https://registry.npmjs.org/@types/node/-/node-11.9.4.tgz",
      "integrity": "sha512-Zl8dGvAcEmadgs1tmSPcvwzO1YRsz38bVJQvH1RvRqSR9/5n61Q1ktcDL0ht3FXWR+ZpVmXVwN1LuH4Ax23NsA=="
    },
    "flatbuffers": {
      "version": "1.10.2",
      "resolved": "https://registry.npmjs.org/flatbuffers/-/flatbuffers-1.10.2.tgz",
      "integrity": "sha512-VK7lHZF/corkykjXZ0+dqViI8Wk1YpwPCFN2wrnTs+PMCMG5+uHRvkRW14fuA7Smkhkgx+Dj5UdS3YXktJL+qw=="
    }
  }
}
